// !$*UTF8*$!
{
	archiveVersion = 1;
	classes = {
	};
	objectVersion = 46;
	objects = {

/* Begin PBXBuildFile section */
		01A1F2DF1E0704FF00DCCB39 /* AppDelegate.swift in Sources */ = {isa = PBXBuildFile; fileRef = 01A1F2DE1E0704FF00DCCB39 /* AppDelegate.swift */; };
		01A1F2E11E0704FF00DCCB39 /* ViewController.swift in Sources */ = {isa = PBXBuildFile; fileRef = 01A1F2E01E0704FF00DCCB39 /* ViewController.swift */; };
		01A1F2E41E0704FF00DCCB39 /* Main.storyboard in Resources */ = {isa = PBXBuildFile; fileRef = 01A1F2E21E0704FF00DCCB39 /* Main.storyboard */; };
		01A1F2E61E0704FF00DCCB39 /* Assets.xcassets in Resources */ = {isa = PBXBuildFile; fileRef = 01A1F2E51E0704FF00DCCB39 /* Assets.xcassets */; };
		01A1F2E91E0704FF00DCCB39 /* LaunchScreen.storyboard in Resources */ = {isa = PBXBuildFile; fileRef = 01A1F2E71E0704FF00DCCB39 /* LaunchScreen.storyboard */; };
		01A1F2F41E0704FF00DCCB39 /* AdminMatic2Tests.swift in Sources */ = {isa = PBXBuildFile; fileRef = 01A1F2F31E0704FF00DCCB39 /* AdminMatic2Tests.swift */; };
		01A1F2FF1E0704FF00DCCB39 /* AdminMatic2UITests.swift in Sources */ = {isa = PBXBuildFile; fileRef = 01A1F2FE1E0704FF00DCCB39 /* AdminMatic2UITests.swift */; };
/* End PBXBuildFile section */

/* Begin PBXContainerItemProxy section */
		01A1F2F01E0704FF00DCCB39 /* PBXContainerItemProxy */ = {
			isa = PBXContainerItemProxy;
			containerPortal = 01A1F2D31E0704FF00DCCB39 /* Project object */;
			proxyType = 1;
			remoteGlobalIDString = 01A1F2DA1E0704FF00DCCB39;
			remoteInfo = AdminMatic2;
		};
		01A1F2FB1E0704FF00DCCB39 /* PBXContainerItemProxy */ = {
			isa = PBXContainerItemProxy;
			containerPortal = 01A1F2D31E0704FF00DCCB39 /* Project object */;
			proxyType = 1;
			remoteGlobalIDString = 01A1F2DA1E0704FF00DCCB39;
			remoteInfo = AdminMatic2;
		};
/* End PBXContainerItemProxy section */

/* Begin PBXFileReference section */
		01A1F2DB1E0704FF00DCCB39 /* AdminMatic2.app */ = {isa = PBXFileReference; explicitFileType = wrapper.application; includeInIndex = 0; path = AdminMatic2.app; sourceTree = BUILT_PRODUCTS_DIR; };
		01A1F2DE1E0704FF00DCCB39 /* AppDelegate.swift */ = {isa = PBXFileReference; lastKnownFileType = sourcecode.swift; path = AppDelegate.swift; sourceTree = "<group>"; };
		01A1F2E01E0704FF00DCCB39 /* ViewController.swift */ = {isa = PBXFileReference; lastKnownFileType = sourcecode.swift; path = ViewController.swift; sourceTree = "<group>"; };
		01A1F2E31E0704FF00DCCB39 /* Base */ = {isa = PBXFileReference; lastKnownFileType = file.storyboard; name = Base; path = Base.lproj/Main.storyboard; sourceTree = "<group>"; };
		01A1F2E51E0704FF00DCCB39 /* Assets.xcassets */ = {isa = PBXFileReference; lastKnownFileType = folder.assetcatalog; path = Assets.xcassets; sourceTree = "<group>"; };
		01A1F2E81E0704FF00DCCB39 /* Base */ = {isa = PBXFileReference; lastKnownFileType = file.storyboard; name = Base; path = Base.lproj/LaunchScreen.storyboard; sourceTree = "<group>"; };
		01A1F2EA1E0704FF00DCCB39 /* Info.plist */ = {isa = PBXFileReference; lastKnownFileType = text.plist.xml; path = Info.plist; sourceTree = "<group>"; };
		01A1F2EF1E0704FF00DCCB39 /* AdminMatic2Tests.xctest */ = {isa = PBXFileReference; explicitFileType = wrapper.cfbundle; includeInIndex = 0; path = AdminMatic2Tests.xctest; sourceTree = BUILT_PRODUCTS_DIR; };
		01A1F2F31E0704FF00DCCB39 /* AdminMatic2Tests.swift */ = {isa = PBXFileReference; lastKnownFileType = sourcecode.swift; path = AdminMatic2Tests.swift; sourceTree = "<group>"; };
		01A1F2F51E0704FF00DCCB39 /* Info.plist */ = {isa = PBXFileReference; lastKnownFileType = text.plist.xml; path = Info.plist; sourceTree = "<group>"; };
		01A1F2FA1E0704FF00DCCB39 /* AdminMatic2UITests.xctest */ = {isa = PBXFileReference; explicitFileType = wrapper.cfbundle; includeInIndex = 0; path = AdminMatic2UITests.xctest; sourceTree = BUILT_PRODUCTS_DIR; };
		01A1F2FE1E0704FF00DCCB39 /* AdminMatic2UITests.swift */ = {isa = PBXFileReference; lastKnownFileType = sourcecode.swift; path = AdminMatic2UITests.swift; sourceTree = "<group>"; };
		01A1F3001E0704FF00DCCB39 /* Info.plist */ = {isa = PBXFileReference; lastKnownFileType = text.plist.xml; path = Info.plist; sourceTree = "<group>"; };
/* End PBXFileReference section */

/* Begin PBXFrameworksBuildPhase section */
		01A1F2D81E0704FF00DCCB39 /* Frameworks */ = {
			isa = PBXFrameworksBuildPhase;
			buildActionMask = 2147483647;
			files = (
			);
			runOnlyForDeploymentPostprocessing = 0;
		};
		01A1F2EC1E0704FF00DCCB39 /* Frameworks */ = {
			isa = PBXFrameworksBuildPhase;
			buildActionMask = 2147483647;
			files = (
			);
			runOnlyForDeploymentPostprocessing = 0;
		};
		01A1F2F71E0704FF00DCCB39 /* Frameworks */ = {
			isa = PBXFrameworksBuildPhase;
			buildActionMask = 2147483647;
			files = (
			);
			runOnlyForDeploymentPostprocessing = 0;
		};
/* End PBXFrameworksBuildPhase section */

/* Begin PBXGroup section */
		01A1F2D21E0704FF00DCCB39 = {
			isa = PBXGroup;
			children = (
				01A1F2DD1E0704FF00DCCB39 /* AdminMatic2 */,
				01A1F2F21E0704FF00DCCB39 /* AdminMatic2Tests */,
				01A1F2FD1E0704FF00DCCB39 /* AdminMatic2UITests */,
				01A1F2DC1E0704FF00DCCB39 /* Products */,
			);
			sourceTree = "<group>";
		};
		01A1F2DC1E0704FF00DCCB39 /* Products */ = {
			isa = PBXGroup;
			children = (
				01A1F2DB1E0704FF00DCCB39 /* AdminMatic2.app */,
				01A1F2EF1E0704FF00DCCB39 /* AdminMatic2Tests.xctest */,
				01A1F2FA1E0704FF00DCCB39 /* AdminMatic2UITests.xctest */,
			);
			name = Products;
			sourceTree = "<group>";
		};
		01A1F2DD1E0704FF00DCCB39 /* AdminMatic2 */ = {
			isa = PBXGroup;
			children = (
				01A1F2DE1E0704FF00DCCB39 /* AppDelegate.swift */,
				01A1F2E01E0704FF00DCCB39 /* ViewController.swift */,
				01A1F2E21E0704FF00DCCB39 /* Main.storyboard */,
				01A1F2E51E0704FF00DCCB39 /* Assets.xcassets */,
				01A1F2E71E0704FF00DCCB39 /* LaunchScreen.storyboard */,
				01A1F2EA1E0704FF00DCCB39 /* Info.plist */,
			);
			path = AdminMatic2;
			sourceTree = "<group>";
		};
		01A1F2F21E0704FF00DCCB39 /* AdminMatic2Tests */ = {
			isa = PBXGroup;
			children = (
				01A1F2F31E0704FF00DCCB39 /* AdminMatic2Tests.swift */,
				01A1F2F51E0704FF00DCCB39 /* Info.plist */,
			);
			path = AdminMatic2Tests;
			sourceTree = "<group>";
		};
		01A1F2FD1E0704FF00DCCB39 /* AdminMatic2UITests */ = {
			isa = PBXGroup;
			children = (
				01A1F2FE1E0704FF00DCCB39 /* AdminMatic2UITests.swift */,
				01A1F3001E0704FF00DCCB39 /* Info.plist */,
			);
			path = AdminMatic2UITests;
			sourceTree = "<group>";
		};
/* End PBXGroup section */

/* Begin PBXNativeTarget section */
		01A1F2DA1E0704FF00DCCB39 /* AdminMatic2 */ = {
			isa = PBXNativeTarget;
			buildConfigurationList = 01A1F3031E0704FF00DCCB39 /* Build configuration list for PBXNativeTarget "AdminMatic2" */;
			buildPhases = (
				01A1F2D71E0704FF00DCCB39 /* Sources */,
				01A1F2D81E0704FF00DCCB39 /* Frameworks */,
				01A1F2D91E0704FF00DCCB39 /* Resources */,
			);
			buildRules = (
			);
			dependencies = (
			);
			name = AdminMatic2;
			productName = AdminMatic2;
			productReference = 01A1F2DB1E0704FF00DCCB39 /* AdminMatic2.app */;
			productType = "com.apple.product-type.application";
		};
		01A1F2EE1E0704FF00DCCB39 /* AdminMatic2Tests */ = {
			isa = PBXNativeTarget;
			buildConfigurationList = 01A1F3061E0704FF00DCCB39 /* Build configuration list for PBXNativeTarget "AdminMatic2Tests" */;
			buildPhases = (
				01A1F2EB1E0704FF00DCCB39 /* Sources */,
				01A1F2EC1E0704FF00DCCB39 /* Frameworks */,
				01A1F2ED1E0704FF00DCCB39 /* Resources */,
			);
			buildRules = (
			);
			dependencies = (
				01A1F2F11E0704FF00DCCB39 /* PBXTargetDependency */,
			);
			name = AdminMatic2Tests;
			productName = AdminMatic2Tests;
			productReference = 01A1F2EF1E0704FF00DCCB39 /* AdminMatic2Tests.xctest */;
			productType = "com.apple.product-type.bundle.unit-test";
		};
		01A1F2F91E0704FF00DCCB39 /* AdminMatic2UITests */ = {
			isa = PBXNativeTarget;
			buildConfigurationList = 01A1F3091E0704FF00DCCB39 /* Build configuration list for PBXNativeTarget "AdminMatic2UITests" */;
			buildPhases = (
				01A1F2F61E0704FF00DCCB39 /* Sources */,
				01A1F2F71E0704FF00DCCB39 /* Frameworks */,
				01A1F2F81E0704FF00DCCB39 /* Resources */,
			);
			buildRules = (
			);
			dependencies = (
				01A1F2FC1E0704FF00DCCB39 /* PBXTargetDependency */,
			);
			name = AdminMatic2UITests;
			productName = AdminMatic2UITests;
			productReference = 01A1F2FA1E0704FF00DCCB39 /* AdminMatic2UITests.xctest */;
			productType = "com.apple.product-type.bundle.ui-testing";
		};
/* End PBXNativeTarget section */

/* Begin PBXProject section */
		01A1F2D31E0704FF00DCCB39 /* Project object */ = {
			isa = PBXProject;
			attributes = {
				LastSwiftUpdateCheck = 0820;
				LastUpgradeCheck = 0820;
				ORGANIZATIONNAME = Nick;
				TargetAttributes = {
					01A1F2DA1E0704FF00DCCB39 = {
						CreatedOnToolsVersion = 8.2;
						DevelopmentTeam = Q78B4XEVQ4;
						ProvisioningStyle = Automatic;
					};
					01A1F2EE1E0704FF00DCCB39 = {
						CreatedOnToolsVersion = 8.2;
						DevelopmentTeam = Q78B4XEVQ4;
						ProvisioningStyle = Automatic;
						TestTargetID = 01A1F2DA1E0704FF00DCCB39;
					};
					01A1F2F91E0704FF00DCCB39 = {
						CreatedOnToolsVersion = 8.2;
						DevelopmentTeam = Q78B4XEVQ4;
						ProvisioningStyle = Automatic;
						TestTargetID = 01A1F2DA1E0704FF00DCCB39;
					};
				};
			};
			buildConfigurationList = 01A1F2D61E0704FF00DCCB39 /* Build configuration list for PBXProject "AdminMatic2" */;
			compatibilityVersion = "Xcode 3.2";
			developmentRegion = English;
			hasScannedForEncodings = 0;
			knownRegions = (
				en,
				Base,
			);
			mainGroup = 01A1F2D21E0704FF00DCCB39;
			productRefGroup = 01A1F2DC1E0704FF00DCCB39 /* Products */;
			projectDirPath = "";
			projectRoot = "";
			targets = (
				01A1F2DA1E0704FF00DCCB39 /* AdminMatic2 */,
				01A1F2EE1E0704FF00DCCB39 /* AdminMatic2Tests */,
				01A1F2F91E0704FF00DCCB39 /* AdminMatic2UITests */,
			);
		};
/* End PBXProject section */

/* Begin PBXResourcesBuildPhase section */
		01A1F2D91E0704FF00DCCB39 /* Resources */ = {
			isa = PBXResourcesBuildPhase;
			buildActionMask = 2147483647;
			files = (
				01A1F2E91E0704FF00DCCB39 /* LaunchScreen.storyboard in Resources */,
				01A1F2E61E0704FF00DCCB39 /* Assets.xcassets in Resources */,
				01A1F2E41E0704FF00DCCB39 /* Main.storyboard in Resources */,
			);
			runOnlyForDeploymentPostprocessing = 0;
		};
		01A1F2ED1E0704FF00DCCB39 /* Resources */ = {
			isa = PBXResourcesBuildPhase;
			buildActionMask = 2147483647;
			files = (
			);
			runOnlyForDeploymentPostprocessing = 0;
		};
		01A1F2F81E0704FF00DCCB39 /* Resources */ = {
			isa = PBXResourcesBuildPhase;
			buildActionMask = 2147483647;
			files = (
			);
			runOnlyForDeploymentPostprocessing = 0;
		};
/* End PBXResourcesBuildPhase section */

/* Begin PBXSourcesBuildPhase section */
		01A1F2D71E0704FF00DCCB39 /* Sources */ = {
			isa = PBXSourcesBuildPhase;
			buildActionMask = 2147483647;
			files = (
				01A1F2E11E0704FF00DCCB39 /* ViewController.swift in Sources */,
				01A1F2DF1E0704FF00DCCB39 /* AppDelegate.swift in Sources */,
			);
			runOnlyForDeploymentPostprocessing = 0;
		};
		01A1F2EB1E0704FF00DCCB39 /* Sources */ = {
			isa = PBXSourcesBuildPhase;
			buildActionMask = 2147483647;
			files = (
				01A1F2F41E0704FF00DCCB39 /* AdminMatic2Tests.swift in Sources */,
			);
			runOnlyForDeploymentPostprocessing = 0;
		};
		01A1F2F61E0704FF00DCCB39 /* Sources */ = {
			isa = PBXSourcesBuildPhase;
			buildActionMask = 2147483647;
			files = (
				01A1F2FF1E0704FF00DCCB39 /* AdminMatic2UITests.swift in Sources */,
			);
			runOnlyForDeploymentPostprocessing = 0;
		};
/* End PBXSourcesBuildPhase section */

/* Begin PBXTargetDependency section */
		01A1F2F11E0704FF00DCCB39 /* PBXTargetDependency */ = {
			isa = PBXTargetDependency;
			target = 01A1F2DA1E0704FF00DCCB39 /* AdminMatic2 */;
			targetProxy = 01A1F2F01E0704FF00DCCB39 /* PBXContainerItemProxy */;
		};
		01A1F2FC1E0704FF00DCCB39 /* PBXTargetDependency */ = {
			isa = PBXTargetDependency;
			target = 01A1F2DA1E0704FF00DCCB39 /* AdminMatic2 */;
			targetProxy = 01A1F2FB1E0704FF00DCCB39 /* PBXContainerItemProxy */;
		};
/* End PBXTargetDependency section */

/* Begin PBXVariantGroup section */
		01A1F2E21E0704FF00DCCB39 /* Main.storyboard */ = {
			isa = PBXVariantGroup;
			children = (
				01A1F2E31E0704FF00DCCB39 /* Base */,
			);
			name = Main.storyboard;
			sourceTree = "<group>";
		};
		01A1F2E71E0704FF00DCCB39 /* LaunchScreen.storyboard */ = {
			isa = PBXVariantGroup;
			children = (
				01A1F2E81E0704FF00DCCB39 /* Base */,
			);
			name = LaunchScreen.storyboard;
			sourceTree = "<group>";
		};
/* End PBXVariantGroup section */

/* Begin XCBuildConfiguration section */
		01A1F3011E0704FF00DCCB39 /* Debug */ = {
			isa = XCBuildConfiguration;
			buildSettings = {
				ALWAYS_SEARCH_USER_PATHS = NO;
				CLANG_ANALYZER_NONNULL = YES;
				CLANG_CXX_LANGUAGE_STANDARD = "gnu++0x";
				CLANG_CXX_LIBRARY = "libc++";
				CLANG_ENABLE_MODULES = YES;
				CLANG_ENABLE_OBJC_ARC = YES;
				CLANG_WARN_BOOL_CONVERSION = YES;
				CLANG_WARN_CONSTANT_CONVERSION = YES;
				CLANG_WARN_DIRECT_OBJC_ISA_USAGE = YES_ERROR;
				CLANG_WARN_DOCUMENTATION_COMMENTS = YES;
				CLANG_WARN_EMPTY_BODY = YES;
				CLANG_WARN_ENUM_CONVERSION = YES;
				CLANG_WARN_INFINITE_RECURSION = YES;
				CLANG_WARN_INT_CONVERSION = YES;
				CLANG_WARN_OBJC_ROOT_CLASS = YES_ERROR;
				CLANG_WARN_SUSPICIOUS_MOVE = YES;
				CLANG_WARN_UNREACHABLE_CODE = YES;
				CLANG_WARN__DUPLICATE_METHOD_MATCH = YES;
				"CODE_SIGN_IDENTITY[sdk=iphoneos*]" = "iPhone Developer";
				COPY_PHASE_STRIP = NO;
				DEBUG_INFORMATION_FORMAT = dwarf;
				ENABLE_STRICT_OBJC_MSGSEND = YES;
				ENABLE_TESTABILITY = YES;
				GCC_C_LANGUAGE_STANDARD = gnu99;
				GCC_DYNAMIC_NO_PIC = NO;
				GCC_NO_COMMON_BLOCKS = YES;
				GCC_OPTIMIZATION_LEVEL = 0;
				GCC_PREPROCESSOR_DEFINITIONS = (
					"DEBUG=1",
					"$(inherited)",
				);
				GCC_WARN_64_TO_32_BIT_CONVERSION = YES;
				GCC_WARN_ABOUT_RETURN_TYPE = YES_ERROR;
				GCC_WARN_UNDECLARED_SELECTOR = YES;
				GCC_WARN_UNINITIALIZED_AUTOS = YES_AGGRESSIVE;
				GCC_WARN_UNUSED_FUNCTION = YES;
				GCC_WARN_UNUSED_VARIABLE = YES;
				IPHONEOS_DEPLOYMENT_TARGET = 10.2;
				MTL_ENABLE_DEBUG_INFO = YES;
				ONLY_ACTIVE_ARCH = YES;
				SDKROOT = iphoneos;
				SWIFT_ACTIVE_COMPILATION_CONDITIONS = DEBUG;
				SWIFT_OPTIMIZATION_LEVEL = "-Onone";
				TARGETED_DEVICE_FAMILY = "1,2";
			};
			name = Debug;
		};
		01A1F3021E0704FF00DCCB39 /* Release */ = {
			isa = XCBuildConfiguration;
			buildSettings = {
				ALWAYS_SEARCH_USER_PATHS = NO;
				CLANG_ANALYZER_NONNULL = YES;
				CLANG_CXX_LANGUAGE_STANDARD = "gnu++0x";
				CLANG_CXX_LIBRARY = "libc++";
				CLANG_ENABLE_MODULES = YES;
				CLANG_ENABLE_OBJC_ARC = YES;
				CLANG_WARN_BOOL_CONVERSION = YES;
				CLANG_WARN_CONSTANT_CONVERSION = YES;
				CLANG_WARN_DIRECT_OBJC_ISA_USAGE = YES_ERROR;
				CLANG_WARN_DOCUMENTATION_COMMENTS = YES;
				CLANG_WARN_EMPTY_BODY = YES;
				CLANG_WARN_ENUM_CONVERSION = YES;
				CLANG_WARN_INFINITE_RECURSION = YES;
				CLANG_WARN_INT_CONVERSION = YES;
				CLANG_WARN_OBJC_ROOT_CLASS = YES_ERROR;
				CLANG_WARN_SUSPICIOUS_MOVE = YES;
				CLANG_WARN_UNREACHABLE_CODE = YES;
				CLANG_WARN__DUPLICATE_METHOD_MATCH = YES;
				"CODE_SIGN_IDENTITY[sdk=iphoneos*]" = "iPhone Developer";
				COPY_PHASE_STRIP = NO;
				DEBUG_INFORMATION_FORMAT = "dwarf-with-dsym";
				ENABLE_NS_ASSERTIONS = NO;
				ENABLE_STRICT_OBJC_MSGSEND = YES;
				GCC_C_LANGUAGE_STANDARD = gnu99;
				GCC_NO_COMMON_BLOCKS = YES;
				GCC_WARN_64_TO_32_BIT_CONVERSION = YES;
				GCC_WARN_ABOUT_RETURN_TYPE = YES_ERROR;
				GCC_WARN_UNDECLARED_SELECTOR = YES;
				GCC_WARN_UNINITIALIZED_AUTOS = YES_AGGRESSIVE;
				GCC_WARN_UNUSED_FUNCTION = YES;
				GCC_WARN_UNUSED_VARIABLE = YES;
				IPHONEOS_DEPLOYMENT_TARGET = 10.2;
				MTL_ENABLE_DEBUG_INFO = NO;
				SDKROOT = iphoneos;
				SWIFT_OPTIMIZATION_LEVEL = "-Owholemodule";
				TARGETED_DEVICE_FAMILY = "1,2";
				VALIDATE_PRODUCT = YES;
			};
			name = Release;
		};
		01A1F3041E0704FF00DCCB39 /* Debug */ = {
			isa = XCBuildConfiguration;
			buildSettings = {
				ASSETCATALOG_COMPILER_APPICON_NAME = AppIcon;
				DEVELOPMENT_TEAM = Q78B4XEVQ4;
				INFOPLIST_FILE = AdminMatic2/Info.plist;
				LD_RUNPATH_SEARCH_PATHS = "$(inherited) @executable_path/Frameworks";
				PRODUCT_BUNDLE_IDENTIFIER = com.atlanticlawnandgarden.AdminMatic2;
				PRODUCT_NAME = "$(TARGET_NAME)";
				SWIFT_VERSION = 3.0;
			};
			name = Debug;
		};
		01A1F3051E0704FF00DCCB39 /* Release */ = {
			isa = XCBuildConfiguration;
			buildSettings = {
				ASSETCATALOG_COMPILER_APPICON_NAME = AppIcon;
				DEVELOPMENT_TEAM = Q78B4XEVQ4;
				INFOPLIST_FILE = AdminMatic2/Info.plist;
				LD_RUNPATH_SEARCH_PATHS = "$(inherited) @executable_path/Frameworks";
				PRODUCT_BUNDLE_IDENTIFIER = com.atlanticlawnandgarden.AdminMatic2;
				PRODUCT_NAME = "$(TARGET_NAME)";
				SWIFT_VERSION = 3.0;
			};
			name = Release;
		};
		01A1F3071E0704FF00DCCB39 /* Debug */ = {
			isa = XCBuildConfiguration;
			buildSettings = {
				ALWAYS_EMBED_SWIFT_STANDARD_LIBRARIES = YES;
				BUNDLE_LOADER = "$(TEST_HOST)";
				DEVELOPMENT_TEAM = Q78B4XEVQ4;
				INFOPLIST_FILE = AdminMatic2Tests/Info.plist;
				LD_RUNPATH_SEARCH_PATHS = "$(inherited) @executable_path/Frameworks @loader_path/Frameworks";
				PRODUCT_BUNDLE_IDENTIFIER = com.atlanticlawnandgarden.AdminMatic2Tests;
				PRODUCT_NAME = "$(TARGET_NAME)";
				SWIFT_VERSION = 3.0;
				TEST_HOST = "$(BUILT_PRODUCTS_DIR)/AdminMatic2.app/AdminMatic2";
			};
			name = Debug;
		};
		01A1F3081E0704FF00DCCB39 /* Release */ = {
			isa = XCBuildConfiguration;
			buildSettings = {
				ALWAYS_EMBED_SWIFT_STANDARD_LIBRARIES = YES;
				BUNDLE_LOADER = "$(TEST_HOST)";
				DEVELOPMENT_TEAM = Q78B4XEVQ4;
				INFOPLIST_FILE = AdminMatic2Tests/Info.plist;
				LD_RUNPATH_SEARCH_PATHS = "$(inherited) @executable_path/Frameworks @loader_path/Frameworks";
				PRODUCT_BUNDLE_IDENTIFIER = com.atlanticlawnandgarden.AdminMatic2Tests;
				PRODUCT_NAME = "$(TARGET_NAME)";
				SWIFT_VERSION = 3.0;
				TEST_HOST = "$(BUILT_PRODUCTS_DIR)/AdminMatic2.app/AdminMatic2";
			};
			name = Release;
		};
		01A1F30A1E0704FF00DCCB39 /* Debug */ = {
			isa = XCBuildConfiguration;
			buildSettings = {
				ALWAYS_EMBED_SWIFT_STANDARD_LIBRARIES = YES;
				DEVELOPMENT_TEAM = Q78B4XEVQ4;
				INFOPLIST_FILE = AdminMatic2UITests/Info.plist;
				LD_RUNPATH_SEARCH_PATHS = "$(inherited) @executable_path/Frameworks @loader_path/Frameworks";
				PRODUCT_BUNDLE_IDENTIFIER = com.atlanticlawnandgarden.AdminMatic2UITests;
				PRODUCT_NAME = "$(TARGET_NAME)";
				SWIFT_VERSION = 3.0;
				TEST_TARGET_NAME = AdminMatic2;
			};
			name = Debug;
		};
		01A1F30B1E0704FF00DCCB39 /* Release */ = {
			isa = XCBuildConfiguration;
			buildSettings = {
				ALWAYS_EMBED_SWIFT_STANDARD_LIBRARIES = YES;
				DEVELOPMENT_TEAM = Q78B4XEVQ4;
				INFOPLIST_FILE = AdminMatic2UITests/Info.plist;
				LD_RUNPATH_SEARCH_PATHS = "$(inherited) @executable_path/Frameworks @loader_path/Frameworks";
				PRODUCT_BUNDLE_IDENTIFIER = com.atlanticlawnandgarden.AdminMatic2UITests;
				PRODUCT_NAME = "$(TARGET_NAME)";
				SWIFT_VERSION = 3.0;
				TEST_TARGET_NAME = AdminMatic2;
			};
			name = Release;
		};
/* End XCBuildConfiguration section */

/* Begin XCConfigurationList section */
		01A1F2D61E0704FF00DCCB39 /* Build configuration list for PBXProject "AdminMatic2" */ = {
			isa = XCConfigurationList;
			buildConfigurations = (
				01A1F3011E0704FF00DCCB39 /* Debug */,
				01A1F3021E0704FF00DCCB39 /* Release */,
			);
			defaultConfigurationIsVisible = 0;
			defaultConfigurationName = Release;
		};
		01A1F3031E0704FF00DCCB39 /* Build configuration list for PBXNativeTarget "AdminMatic2" */ = {
			isa = XCConfigurationList;
			buildConfigurations = (
				01A1F3041E0704FF00DCCB39 /* Debug */,
				01A1F3051E0704FF00DCCB39 /* Release */,
			);
			defaultConfigurationIsVisible = 0;
		};
		01A1F3061E0704FF00DCCB39 /* Build configuration list for PBXNativeTarget "AdminMatic2Tests" */ = {
			isa = XCConfigurationList;
			buildConfigurations = (
				01A1F3071E0704FF00DCCB39 /* Debug */,
				01A1F3081E0704FF00DCCB39 /* Release */,
			);
			defaultConfigurationIsVisible = 0;
		};
		01A1F3091E0704FF00DCCB39 /* Build configuration list for PBXNativeTarget "AdminMatic2UITests" */ = {
			isa = XCConfigurationList;
			buildConfigurations = (
				01A1F30A1E0704FF00DCCB39 /* Debug */,
				01A1F30B1E0704FF00DCCB39 /* Release */,
			);
			defaultConfigurationIsVisible = 0;
		};
/* End XCConfigurationList section */
	};
	rootObject = 01A1F2D31E0704FF00DCCB39 /* Project object */;
}
